
Microsoft Visual Studio Solution File, Format Version 12.00
# Visual Studio 15
VisualStudioVersion = 15.0.27130.2024
MinimumVisualStudioVersion = 10.0.40219.1
Project("{FAE04EC0-301F-11D3-BF4B-00C04F79EFBC}") = "rentcarWebGofar", "rentcarWebGofar\rentcarWebGofar.csproj", "{6531BE71-E378-4835-8C39-83B2452900D9}"
EndProject
Global
	GlobalSection(SolutionConfigurationPlatforms) = preSolution
		Debug|Any CPU = Debug|Any CPU
		Release|Any CPU = Release|Any CPU
	EndGlobalSection
	GlobalSection(ProjectConfigurationPlatforms) = postSolution
		{6531BE71-E378-4835-8C39-83B2452900D9}.Debug|Any CPU.ActiveCfg = Debug|Any CPU
		{6531BE71-E378-4835-8C39-83B2452900D9}.Debug|Any CPU.Build.0 = Debug|Any CPU
		{6531BE71-E378-4835-8C39-83B2452900D9}.Release|Any CPU.ActiveCfg = Release|Any CPU
		{6531BE71-E378-4835-8C39-83B2452900D9}.Release|Any CPU.Build.0 = Release|Any CPU
	EndGlobalSection
	GlobalSection(SolutionProperties) = preSolution
		HideSolutionNode = FALSE
	EndGlobalSection
	GlobalSection(ExtensibilityGlobals) = postSolution
		SolutionGuid = {FB57988F-4492-477D-A577-23BBF5CC2500}
	EndGlobalSection
EndGlobal
